
Microsoft Visual Studio Solution File, Format Version 12.00
# Visual Studio 14
VisualStudioVersion = 14.0.23107.0
MinimumVisualStudioVersion = 10.0.40219.1
Project("{8BC9CEB8-8B4A-11D0-8D11-00A0C91BC942}") = "DirectoryTransversal", "DirectoryTransversal\DirectoryTransversal.vcxproj", "{53B74064-F60B-405F-B592-FC9FE12AE694}"
EndProject
Project("{888888A0-9F3D-457C-B088-3A5042F75D52}") = "PythonDirTraversal", "PythonDirTraversal\PythonDirTraversal.pyproj", "{8EB876E1-40FA-4403-A14F-0EBF38F1F392}"
EndProject
Global
	GlobalSection(SolutionConfigurationPlatforms) = preSolution
		Debug|Any CPU = Debug|Any CPU
		Debug|x64 = Debug|x64
		Debug|x86 = Debug|x86
		Release|Any CPU = Release|Any CPU
		Release|x64 = Release|x64
		Release|x86 = Release|x86
	EndGlobalSection
	GlobalSection(ProjectConfigurationPlatforms) = postSolution
		{53B74064-F60B-405F-B592-FC9FE12AE694}.Debug|Any CPU.ActiveCfg = Debug|Win32
		{53B74064-F60B-405F-B592-FC9FE12AE694}.Debug|x64.ActiveCfg = Debug|x64
		{53B74064-F60B-405F-B592-FC9FE12AE694}.Debug|x64.Build.0 = Debug|x64
		{53B74064-F60B-405F-B592-FC9FE12AE694}.Debug|x86.ActiveCfg = Debug|Win32
		{53B74064-F60B-405F-B592-FC9FE12AE694}.Debug|x86.Build.0 = Debug|Win32
		{53B74064-F60B-405F-B592-FC9FE12AE694}.Release|Any CPU.ActiveCfg = Release|Win32
		{53B74064-F60B-405F-B592-FC9FE12AE694}.Release|x64.ActiveCfg = Release|x64
		{53B74064-F60B-405F-B592-FC9FE12AE694}.Release|x64.Build.0 = Release|x64
		{53B74064-F60B-405F-B592-FC9FE12AE694}.Release|x86.ActiveCfg = Release|Win32
		{53B74064-F60B-405F-B592-FC9FE12AE694}.Release|x86.Build.0 = Release|Win32
		{8EB876E1-40FA-4403-A14F-0EBF38F1F392}.Debug|Any CPU.ActiveCfg = Debug|Any CPU
		{8EB876E1-40FA-4403-A14F-0EBF38F1F392}.Debug|x64.ActiveCfg = Debug|Any CPU
		{8EB876E1-40FA-4403-A14F-0EBF38F1F392}.Debug|x86.ActiveCfg = Debug|Any CPU
		{8EB876E1-40FA-4403-A14F-0EBF38F1F392}.Release|Any CPU.ActiveCfg = Release|Any CPU
		{8EB876E1-40FA-4403-A14F-0EBF38F1F392}.Release|x64.ActiveCfg = Release|Any CPU
		{8EB876E1-40FA-4403-A14F-0EBF38F1F392}.Release|x86.ActiveCfg = Release|Any CPU
	EndGlobalSection
	GlobalSection(SolutionProperties) = preSolution
		HideSolutionNode = FALSE
	EndGlobalSection
EndGlobal
